
Microsoft Visual Studio Solution File, Format Version 12.00
# Visual Studio Version 16
VisualStudioVersion = 16.0.31702.278
MinimumVisualStudioVersion = 10.0.40219.1
Project("{8BC9CEB8-8B4A-11D0-8D11-00A0C91BC942}") = "CSES_BitStrings", "CSES_BitStrings\CSES_BitStrings.vcxproj", "{8D90F7BF-9B51-46B1-97B6-341D267B212E}"
EndProject
Global
	GlobalSection(SolutionConfigurationPlatforms) = preSolution
		Debug|x64 = Debug|x64
		Release|x64 = Release|x64
	EndGlobalSection
	GlobalSection(ProjectConfigurationPlatforms) = postSolution
		{8D90F7BF-9B51-46B1-97B6-341D267B212E}.Debug|x64.ActiveCfg = Debug|x64
		{8D90F7BF-9B51-46B1-97B6-341D267B212E}.Debug|x64.Build.0 = Debug|x64
		{8D90F7BF-9B51-46B1-97B6-341D267B212E}.Release|x64.ActiveCfg = Release|x64
		{8D90F7BF-9B51-46B1-97B6-341D267B212E}.Release|x64.Build.0 = Release|x64
	EndGlobalSection
	GlobalSection(SolutionProperties) = preSolution
		HideSolutionNode = FALSE
	EndGlobalSection
	GlobalSection(ExtensibilityGlobals) = postSolution
		SolutionGuid = {B66C9ECF-453D-48B2-93C4-D9E46D8E64A7}
	EndGlobalSection
EndGlobal
